
Microsoft Visual Studio Solution File, Format Version 12.00
# Visual Studio Version 16
VisualStudioVersion = 16.0.30621.155
MinimumVisualStudioVersion = 10.0.40219.1
Project("{FAE04EC0-301F-11D3-BF4B-00C04F79EFBC}") = "Testes", "Testes\Testes.csproj", "{EB5BFE92-3A1A-45B5-9C9B-91B4283F918E}"
EndProject
Global
	GlobalSection(SolutionConfigurationPlatforms) = preSolution
		Debug|Any CPU = Debug|Any CPU
		Release|Any CPU = Release|Any CPU
	EndGlobalSection
	GlobalSection(ProjectConfigurationPlatforms) = postSolution
		{EB5BFE92-3A1A-45B5-9C9B-91B4283F918E}.Debug|Any CPU.ActiveCfg = Debug|Any CPU
		{EB5BFE92-3A1A-45B5-9C9B-91B4283F918E}.Debug|Any CPU.Build.0 = Debug|Any CPU
		{EB5BFE92-3A1A-45B5-9C9B-91B4283F918E}.Release|Any CPU.ActiveCfg = Release|Any CPU
		{EB5BFE92-3A1A-45B5-9C9B-91B4283F918E}.Release|Any CPU.Build.0 = Release|Any CPU
	EndGlobalSection
	GlobalSection(SolutionProperties) = preSolution
		HideSolutionNode = FALSE
	EndGlobalSection
	GlobalSection(ExtensibilityGlobals) = postSolution
		SolutionGuid = {72301087-CEEA-4B43-A0F6-05B0F5F76483}
	EndGlobalSection
EndGlobal
