
Microsoft Visual Studio Solution File, Format Version 12.00
# Visual Studio Version 16
VisualStudioVersion = 16.0.30503.244
MinimumVisualStudioVersion = 10.0.40219.1
Project("{FAE04EC0-301F-11D3-BF4B-00C04F79EFBC}") = "Webszolg", "Webszolg\Webszolg.csproj", "{F4B6C10F-D840-479A-B429-9121E8FAA28D}"
EndProject
Global
	GlobalSection(SolutionConfigurationPlatforms) = preSolution
		Debug|Any CPU = Debug|Any CPU
		Release|Any CPU = Release|Any CPU
	EndGlobalSection
	GlobalSection(ProjectConfigurationPlatforms) = postSolution
		{F4B6C10F-D840-479A-B429-9121E8FAA28D}.Debug|Any CPU.ActiveCfg = Debug|Any CPU
		{F4B6C10F-D840-479A-B429-9121E8FAA28D}.Debug|Any CPU.Build.0 = Debug|Any CPU
		{F4B6C10F-D840-479A-B429-9121E8FAA28D}.Release|Any CPU.ActiveCfg = Release|Any CPU
		{F4B6C10F-D840-479A-B429-9121E8FAA28D}.Release|Any CPU.Build.0 = Release|Any CPU
	EndGlobalSection
	GlobalSection(SolutionProperties) = preSolution
		HideSolutionNode = FALSE
	EndGlobalSection
	GlobalSection(ExtensibilityGlobals) = postSolution
		SolutionGuid = {EB8BD9BC-D9A1-4CAB-8871-E37C202BD450}
	EndGlobalSection
EndGlobal
